
Microsoft Visual Studio Solution File, Format Version 12.00
Project("{FAE04EC0-301F-11D3-BF4B-00C04F79EFBC}") = "ClinicManagementSystem.API", "ClinicManagementSystem.API\ClinicManagementSystem.API.csproj", "{77504950-4C73-4679-BBCA-AE5E0C5E7D2C}"
EndProject
Project("{FAE04EC0-301F-11D3-BF4B-00C04F79EFBC}") = "ClinicManagementSystem.Tests", "ClinicManagementSystem.Tests\ClinicManagementSystem.Tests.csproj", "{08E9E887-83F1-432F-8A32-0AB587B118E8}"
EndProject
Global
	GlobalSection(SolutionConfigurationPlatforms) = preSolution
		Debug|Any CPU = Debug|Any CPU
		Release|Any CPU = Release|Any CPU
	EndGlobalSection
	GlobalSection(ProjectConfigurationPlatforms) = postSolution
		{77504950-4C73-4679-BBCA-AE5E0C5E7D2C}.Debug|Any CPU.ActiveCfg = Debug|Any CPU
		{77504950-4C73-4679-BBCA-AE5E0C5E7D2C}.Debug|Any CPU.Build.0 = Debug|Any CPU
		{77504950-4C73-4679-BBCA-AE5E0C5E7D2C}.Release|Any CPU.ActiveCfg = Release|Any CPU
		{77504950-4C73-4679-BBCA-AE5E0C5E7D2C}.Release|Any CPU.Build.0 = Release|Any CPU
		{08E9E887-83F1-432F-8A32-0AB587B118E8}.Debug|Any CPU.ActiveCfg = Debug|Any CPU
		{08E9E887-83F1-432F-8A32-0AB587B118E8}.Debug|Any CPU.Build.0 = Debug|Any CPU
		{08E9E887-83F1-432F-8A32-0AB587B118E8}.Release|Any CPU.ActiveCfg = Release|Any CPU
		{08E9E887-83F1-432F-8A32-0AB587B118E8}.Release|Any CPU.Build.0 = Release|Any CPU
	EndGlobalSection
EndGlobal
